PODS:
  - FBSnapshotTestCase (2.1.4):
    - FBSnapshotTestCase/SwiftSupport (= 2.1.4)
  - FBSnapshotTestCase/Core (2.1.4)
  - FBSnapshotTestCase/SwiftSupport (2.1.4):
    - FBSnapshotTestCase/Core
  - StoreHouseRefreshControl (0.1.0)

DEPENDENCIES:
  - FBSnapshotTestCase (~> 2.1.4)
  - StoreHouseRefreshControl (from `../`)

SPEC REPOS:
  trunk:
    - FBSnapshotTestCase

EXTERNAL SOURCES:
  StoreHouseRefreshControl:
    :path: "../"

SPEC CHECKSUMS:
  FBSnapshotTestCase: 094f9f314decbabe373b87cc339bea235a63e07a
  StoreHouseRefreshControl: ff3f2148e7b6e2cab3775d435307b968fc165b58

PODFILE CHECKSUM: bcacbbbf6660a6bbfa8d995e794c055108bd39c6

COCOAPODS: 1.11.3
